{
  "name": "test-foo",
  "version": "1.0.0",
  "lockfileVersion": 2,
  "requires": true,
  "packages": {
    "": {
      "name": "test-foo",
      "version": "1.0.0",
      "license": "ISC",
      "dependencies": {
        "foo": "github:geoffreytools/foo",
        "free-types": "github:geoffreytools/free-types-private",
        "ts-test": "github:geoffreytools/ts-test"
      }
    },
    "node_modules/foo": {
      "version": "1.0.0",
      "resolved": "git+ssh://git@github.com/geoffreytools/foo.git#f6e22c7998959f889d66c1e23f091c49abcd9d16",
      "license": "ISC"
    },
    "node_modules/free-types": {
      "version": "0.0.1",
      "resolved": "git+ssh://git@github.com/geoffreytools/free-types-private.git#a639a5edbbe6a480e17f2267cc8ae6cfbf16caf8",
      "license": "ICS"
    },
    "node_modules/ts-test": {
      "version": "3.3.0",
      "resolved": "git+ssh://git@github.com/geoffreytools/ts-test.git#886fc4d3dde55e7b2e965d30a8eea4c7fdbc36b0",
      "license": "ISC"
    }
  },
  "dependencies": {
    "foo": {
      "version": "git+ssh://git@github.com/geoffreytools/foo.git#f6e22c7998959f889d66c1e23f091c49abcd9d16",
      "from": "foo@github:geoffreytools/foo"
    },
    "free-types": {
      "version": "git+ssh://git@github.com/geoffreytools/free-types-private.git#a639a5edbbe6a480e17f2267cc8ae6cfbf16caf8",
      "from": "free-types@github:geoffreytools/free-types-private"
    },
    "ts-test": {
      "version": "git+ssh://git@github.com/geoffreytools/ts-test.git#886fc4d3dde55e7b2e965d30a8eea4c7fdbc36b0",
      "from": "ts-test@github:geoffreytools/ts-test"
    }
  }
}
